
Microsoft Visual Studio Solution File, Format Version 12.00
# Visual Studio Version 16
VisualStudioVersion = 16.0.32413.511
MinimumVisualStudioVersion = 10.0.40219.1
Project("{FAE04EC0-301F-11D3-BF4B-00C04F79EFBC}") = "UserRegistrationLamda", "UserRegistrationLamda\UserRegistrationLamda.csproj", "{DB16305C-6BB7-4142-8F60-7EBB62963102}"
EndProject
Project("{FAE04EC0-301F-11D3-BF4B-00C04F79EFBC}") = "MSTestingUserRegistration", "MSTestingUserRegistration\MSTestingUserRegistration.csproj", "{38A402EC-903C-4ECF-BEE0-551776F6C877}"
EndProject
Global
	GlobalSection(SolutionConfigurationPlatforms) = preSolution
		Debug|Any CPU = Debug|Any CPU
		Release|Any CPU = Release|Any CPU
	EndGlobalSection
	GlobalSection(ProjectConfigurationPlatforms) = postSolution
		{DB16305C-6BB7-4142-8F60-7EBB62963102}.Debug|Any CPU.ActiveCfg = Debug|Any CPU
		{DB16305C-6BB7-4142-8F60-7EBB62963102}.Debug|Any CPU.Build.0 = Debug|Any CPU
		{DB16305C-6BB7-4142-8F60-7EBB62963102}.Release|Any CPU.ActiveCfg = Release|Any CPU
		{DB16305C-6BB7-4142-8F60-7EBB62963102}.Release|Any CPU.Build.0 = Release|Any CPU
		{38A402EC-903C-4ECF-BEE0-551776F6C877}.Debug|Any CPU.ActiveCfg = Debug|Any CPU
		{38A402EC-903C-4ECF-BEE0-551776F6C877}.Debug|Any CPU.Build.0 = Debug|Any CPU
		{38A402EC-903C-4ECF-BEE0-551776F6C877}.Release|Any CPU.ActiveCfg = Release|Any CPU
		{38A402EC-903C-4ECF-BEE0-551776F6C877}.Release|Any CPU.Build.0 = Release|Any CPU
	EndGlobalSection
	GlobalSection(SolutionProperties) = preSolution
		HideSolutionNode = FALSE
	EndGlobalSection
	GlobalSection(ExtensibilityGlobals) = postSolution
		SolutionGuid = {15C3FAA3-36F7-4927-8508-43890E3E647E}
	EndGlobalSection
EndGlobal
